
Microsoft Visual Studio Solution File, Format Version 12.00
# Visual Studio Version 16
VisualStudioVersion = 16.0.810.23
MinimumVisualStudioVersion = 10.0.40219.1
Project("{FAE04EC0-301F-11D3-BF4B-00C04F79EFBC}") = "CatalogueProject", "CatalogueProject\CatalogueProject.csproj", "{BA92E57A-B146-4C5E-B9EB-0ABCE4796356}"
EndProject
Global
	GlobalSection(SolutionConfigurationPlatforms) = preSolution
		Debug|Any CPU = Debug|Any CPU
		Release|Any CPU = Release|Any CPU
	EndGlobalSection
	GlobalSection(ProjectConfigurationPlatforms) = postSolution
		{BA92E57A-B146-4C5E-B9EB-0ABCE4796356}.Debug|Any CPU.ActiveCfg = Debug|Any CPU
		{BA92E57A-B146-4C5E-B9EB-0ABCE4796356}.Debug|Any CPU.Build.0 = Debug|Any CPU
		{BA92E57A-B146-4C5E-B9EB-0ABCE4796356}.Release|Any CPU.ActiveCfg = Release|Any CPU
		{BA92E57A-B146-4C5E-B9EB-0ABCE4796356}.Release|Any CPU.Build.0 = Release|Any CPU
	EndGlobalSection
	GlobalSection(SolutionProperties) = preSolution
		HideSolutionNode = FALSE
	EndGlobalSection
	GlobalSection(ExtensibilityGlobals) = postSolution
		SolutionGuid = {B4104859-CDE1-4B8D-8B7A-10E151ACA34D}
	EndGlobalSection
EndGlobal
